
Microsoft Visual Studio Solution File, Format Version 12.00
# Visual Studio Version 17
VisualStudioVersion = 17.14.36705.20 d17.14
MinimumVisualStudioVersion = 10.0.40219.1
Project("{FAE04EC0-301F-11D3-BF4B-00C04F79EFBC}") = "TradeBotConsol", "TradeBotConsol\TradeBotConsol.csproj", "{53EF8D0D-9525-43DD-8DB4-DC6BA84E5944}"
EndProject
Global
	GlobalSection(SolutionConfigurationPlatforms) = preSolution
		Debug|Any CPU = Debug|Any CPU
		Release|Any CPU = Release|Any CPU
	EndGlobalSection
	GlobalSection(ProjectConfigurationPlatforms) = postSolution
		{53EF8D0D-9525-43DD-8DB4-DC6BA84E5944}.Debug|Any CPU.ActiveCfg = Debug|Any CPU
		{53EF8D0D-9525-43DD-8DB4-DC6BA84E5944}.Debug|Any CPU.Build.0 = Debug|Any CPU
		{53EF8D0D-9525-43DD-8DB4-DC6BA84E5944}.Release|Any CPU.ActiveCfg = Release|Any CPU
		{53EF8D0D-9525-43DD-8DB4-DC6BA84E5944}.Release|Any CPU.Build.0 = Release|Any CPU
	EndGlobalSection
	GlobalSection(SolutionProperties) = preSolution
		HideSolutionNode = FALSE
	EndGlobalSection
	GlobalSection(ExtensibilityGlobals) = postSolution
		SolutionGuid = {0F2B8E4C-6724-42A8-A3E6-EFCADC7CC697}
	EndGlobalSection
EndGlobal
